{"SurveyEntry":{"SurveyID":"SV_8faC6TzlCp65cIm","SurveyName":"AUT","SurveyDescription":null,"SurveyOwnerID":"UR_8BTmmKOmYo7IGGy","SurveyBrandID":"leidenuniv","DivisionID":null,"SurveyLanguage":"EN","SurveyActiveResponseSet":"RS_57PkCRp5S3GDH5s","SurveyStatus":"Active","SurveyStartDate":"0000-00-00 00:00:00","SurveyExpirationDate":"0000-00-00 00:00:00","SurveyCreationDate":"2021-06-06 13:59:52","CreatorID":"UR_8BTmmKOmYo7IGGy","LastModified":"2021-08-15 14:10:52","LastAccessed":"0000-00-00 00:00:00","LastActivated":"2021-06-09 09:37:13","Deleted":null},"SurveyElements":[{"SurveyID":"SV_8faC6TzlCp65cIm","Element":"BL","PrimaryAttribute":"Survey Blocks","SecondaryAttribute":null,"TertiaryAttribute":null,"Payload":{"0":{"Type":"Default","Description":"Brick (1)","ID":"BL_8IaLZxlfKGyMoOG","BlockElements":[{"Type":"Question","QuestionID":"QID2"},{"Type":"Question","QuestionID":"QID16"},{"Type":"Question","QuestionID":"QID3"}]},"1":{"Type":"Trash","Description":"Trash \/ Unused Questions","ID":"BL_7U8Iy1Z5JGseeZU","BlockElements":[]},"2":{"Type":"Standard","SubType":"","Description":"Paperclip (1)","ID":"BL_8w6T5vjmBJORk2y","BlockElements":[{"Type":"Question","QuestionID":"QID5"},{"Type":"Question","QuestionID":"QID18"},{"Type":"Question","QuestionID":"QID4"}]},"6":{"Type":"Standard","SubType":"","Description":"Personal Details","ID":"BL_es7ihFJRcXe11NI","BlockElements":[{"Type":"Question","QuestionID":"QID8"},{"Type":"Question","QuestionID":"QID10"}]},"7":{"Type":"Standard","SubType":"","Description":"Explanation (1)","ID":"BL_6mU1rYcDcdNFwN0","BlockElements":[{"Type":"Question","QuestionID":"QID11"}]},"8":{"Type":"Standard","SubType":"","Description":"Break (1)","ID":"BL_1AGF6sS1cSq5PJs","BlockElements":[{"Type":"Question","QuestionID":"QID13"},{"Type":"Question","QuestionID":"QID12"}]},"9":{"Type":"Standard","Description":"Brick (2)","ID":"BL_a5HnoUVtXuKWY6i","BlockElements":[{"Type":"Question","QuestionID":"QID14"},{"Type":"Question","QuestionID":"QID19"},{"Type":"Question","QuestionID":"QID15"}]},"10":{"Type":"Standard","SubType":"","Description":"Break (2) No strategy","ID":"BL_4YF8VEReAGNxcNM","BlockElements":[{"Type":"Question","QuestionID":"QID20"},{"Type":"Question","QuestionID":"QID21"}]},"11":{"Type":"Standard","SubType":"","Description":"Explanation (2)","ID":"BL_ezWN9NlfTqchNVY","BlockElements":[{"Type":"Question","QuestionID":"QID22"}]},"12":{"Type":"Standard","SubType":"","Description":"Paperclip (2)","ID":"BL_7an5ohcTgn3b8qy","BlockElements":[{"Type":"Question","QuestionID":"QID23"},{"Type":"Question","QuestionID":"QID24"},{"Type":"Question","QuestionID":"QID25"}]},"13":{"Type":"Standard","SubType":"","Description":"Multiple choice questions (use of break)","ID":"BL_2mGg5q4bpoPNaqG","BlockElements":[{"Type":"Question","QuestionID":"QID26"},{"Type":"Question","QuestionID":"QID27"}]},"14":{"Type":"Standard","SubType":"","Description":"Multiple choice questions (strategy)","ID":"BL_cAPgDjhMyAkCI5g","BlockElements":[{"Type":"Question","QuestionID":"QID53"},{"Type":"Question","QuestionID":"QID54","SkipLogic":[{"SkipLogicID":2,"ChoiceLocator":"q:\/\/QID54\/SelectedChoicesCount","Condition":"GreaterThan","SkipToDestination":"ENDOFBLOCK","Locator":"q:\/\/QID54\/SelectedChoicesCount","SkipToDescription":"What is the reason you didn... <strong>Selected Count<\/strong>  <strong>Is Greater Than 0<\/strong>","Description":"Condition: <strong title=\"Selected Count\">Selected Count<\/strong> <strong>Is Greater Than 0<\/strong>. Skip To: <strong>End of Block<\/strong>.","Value":"0","QuestionID":"QID54"}]},{"Type":"Question","QuestionID":"QID28"},{"Type":"Question","QuestionID":"QID29"},{"Type":"Question","QuestionID":"QID30"},{"Type":"Question","QuestionID":"QID31"}]},"15":{"Type":"Standard","SubType":"","Description":"Break (2) Original strategy 1","ID":"BL_79QjhBIKjG8l7iS","BlockElements":[{"Type":"Question","QuestionID":"QID32"},{"Type":"Question","QuestionID":"QID34"},{"Type":"Question","QuestionID":"QID33"}]},"16":{"Type":"Standard","SubType":"","Description":"Break (2) CG strategy 1","ID":"BL_aXI9rVg8tlNpXBY","BlockElements":[{"Type":"Question","QuestionID":"QID35"},{"Type":"Question","QuestionID":"QID36"},{"Type":"Question","QuestionID":"QID37"}]},"17":{"Type":"Standard","SubType":"","Description":"Introduction","ID":"BL_9X43cyskjffxPTw","BlockElements":[{"Type":"Question","QuestionID":"QID39"}]},"18":{"Type":"Standard","SubType":"","Description":"Break (2) Original strategy 2","ID":"BL_4UVNmvzOX9DdNQ2","BlockElements":[{"Type":"Question","QuestionID":"QID40"},{"Type":"Question","QuestionID":"QID41"},{"Type":"Question","QuestionID":"QID42"}]},"19":{"Type":"Standard","SubType":"","Description":"Break (2) Original strategy 3","ID":"BL_2mhIhSinGs43xR4","BlockElements":[{"Type":"Question","QuestionID":"QID43"},{"Type":"Question","QuestionID":"QID44"},{"Type":"Question","QuestionID":"QID45"}]},"20":{"Type":"Standard","SubType":"","Description":"Break (2) CG strategy 2","ID":"BL_9EVnm5RZDPZb4rk","BlockElements":[{"Type":"Question","QuestionID":"QID46"},{"Type":"Question","QuestionID":"QID47"},{"Type":"Question","QuestionID":"QID48"}]},"21":{"Type":"Standard","SubType":"","Description":"Break (2) CG strategy 3","ID":"BL_8eMbuRjaHvGg1cq","BlockElements":[{"Type":"Question","QuestionID":"QID49"},{"Type":"Question","QuestionID":"QID50"},{"Type":"Question","QuestionID":"QID51"}]},"22":{"Type":"Standard","SubType":"","Description":"MTurk Code","ID":"BL_9NC4cxdnMsBvHx4","Options":{"BlockLocking":"false","RandomizeQuestions":"false","BlockVisibility":"Expanded"},"BlockElements":[{"Type":"Question","QuestionID":"QID57"}]}}},{"SurveyID":"SV_8faC6TzlCp65cIm","Element":"FL","PrimaryAttribute":"Survey Flow","SecondaryAttribute":null,"TertiaryAttribute":null,"Payload":{"Type":"Root","FlowID":"FL_1","Flow":[{"Type":"EmbeddedData","FlowID":"FL_71","EmbeddedData":[{"Description":"Random ID","Type":"Custom","Field":"Random ID","VariableType":"String","DataVisibility":[],"AnalyzeText":false,"Value":"${rand:\/\/int\/10000:99999}"}]},{"Type":"Standard","ID":"BL_9X43cyskjffxPTw","FlowID":"FL_42","Autofill":[]},{"Type":"EmbeddedData","FlowID":"FL_43","EmbeddedData":[{"Description":"Strategy","Type":"Custom","Field":"Strategy","VariableType":"String","DataVisibility":[],"AnalyzeText":false,"Value":"1"},{"Description":"BrickFirst","Type":"Custom","Field":"BrickFirst","VariableType":"String","DataVisibility":[],"AnalyzeText":false,"Value":"0"}]},{"Type":"Standard","ID":"BL_es7ihFJRcXe11NI","FlowID":"FL_17","Autofill":[]},{"Type":"Standard","ID":"BL_6mU1rYcDcdNFwN0","FlowID":"FL_18","Autofill":[]},{"Type":"BlockRandomizer","FlowID":"FL_4","SubSet":1,"EvenPresentation":true,"Flow":[{"Type":"Block","ID":"BL_8IaLZxlfKGyMoOG","FlowID":"FL_2","Autofill":[]},{"Type":"Standard","ID":"BL_8w6T5vjmBJORk2y","FlowID":"FL_10","Autofill":[]}]},{"Type":"Branch","FlowID":"FL_16","Description":"New Branch","BranchLogic":{"0":{"0":{"LogicType":"Question","QuestionID":"QID3","QuestionIsInLoop":"no","ChoiceLocator":"q:\/\/QID3\/ChoiceTextEntryValue","Operator":"Displayed","QuestionIDFromLocator":"QID3","LeftOperand":"q:\/\/QID3\/ChoiceDisplayed","Type":"Expression","Description":"<span class=\"ConjDesc\">If<\/span> <span class=\"QuestionDesc\">Name as many uses of a Brick as possible<\/span> <span class=\"LeftOpDesc\">Text Response<\/span> <span class=\"OpDesc\">Is Displayed<\/span> "},"Type":"If"},"Type":"BooleanExpression"},"Flow":[{"Type":"EmbeddedData","FlowID":"FL_70","EmbeddedData":[{"Description":"BrickFirst","Type":"Custom","Field":"BrickFirst","VariableType":"String","DataVisibility":[],"AnalyzeText":false,"Value":"1"}]},{"Type":"Standard","ID":"BL_1AGF6sS1cSq5PJs","FlowID":"FL_19","Autofill":[]},{"Type":"Standard","ID":"BL_a5HnoUVtXuKWY6i","FlowID":"FL_21","Autofill":[]},{"Type":"Standard","ID":"BL_ezWN9NlfTqchNVY","FlowID":"FL_23","Autofill":[]},{"Type":"Standard","ID":"BL_8w6T5vjmBJORk2y","FlowID":"FL_26","Autofill":[]},{"Type":"BlockRandomizer","FlowID":"FL_36","SubSet":1,"EvenPresentation":true,"Flow":[{"Type":"BlockRandomizer","FlowID":"FL_50","SubSet":2,"EvenPresentation":true,"Flow":[{"Type":"Standard","ID":"BL_4YF8VEReAGNxcNM","FlowID":"FL_22","Autofill":[]},{"Type":"EmbeddedData","FlowID":"FL_51","EmbeddedData":[{"Description":"Strategy","Type":"Custom","Field":"Strategy","VariableType":"String","DataVisibility":[],"AnalyzeText":false,"Value":"0"}]}]},{"Type":"BlockRandomizer","FlowID":"FL_44","SubSet":1,"EvenPresentation":true,"Flow":[{"Type":"Standard","ID":"BL_79QjhBIKjG8l7iS","FlowID":"FL_34","Autofill":[]},{"Type":"Standard","ID":"BL_4UVNmvzOX9DdNQ2","FlowID":"FL_48","Autofill":[]},{"Type":"Standard","ID":"BL_2mhIhSinGs43xR4","FlowID":"FL_49","Autofill":[]}]},{"Type":"BlockRandomizer","FlowID":"FL_52","SubSet":1,"EvenPresentation":true,"Flow":[{"Type":"Standard","ID":"BL_aXI9rVg8tlNpXBY","FlowID":"FL_37","Autofill":[]},{"Type":"Standard","ID":"BL_9EVnm5RZDPZb4rk","FlowID":"FL_53","Autofill":[]},{"Type":"Standard","ID":"BL_8eMbuRjaHvGg1cq","FlowID":"FL_54","Autofill":[]}]}]},{"Type":"Standard","ID":"BL_7an5ohcTgn3b8qy","FlowID":"FL_24","Autofill":[]}]},{"Type":"Branch","FlowID":"FL_12","Description":"New Branch","BranchLogic":{"0":{"0":{"LogicType":"Question","QuestionID":"QID4","QuestionIsInLoop":"no","ChoiceLocator":"q:\/\/QID4\/ChoiceTextEntryValue","Operator":"Displayed","QuestionIDFromLocator":"QID4","LeftOperand":"q:\/\/QID4\/ChoiceDisplayed","Type":"Expression","Description":"<span class=\"ConjDesc\">If<\/span> <span class=\"QuestionDesc\">Name as many uses of a Paperclip as possible<\/span> <span class=\"LeftOpDesc\">Text Response<\/span> <span class=\"OpDesc\">Is Displayed<\/span> "},"1":{"LogicType":"EmbeddedField","LeftOperand":"BrickFirst","Operator":"EqualTo","RightOperand":"0","_HiddenExpression":false,"Type":"Expression","Description":"<span class=\"ConjDesc\">And<\/span>  <span class=\"LeftOpDesc\">BrickFirst<\/span> <span class=\"OpDesc\">Is Equal to<\/span> <span class=\"RightOpDesc\"> 0 <\/span>","Conjuction":"And"},"Type":"If"},"Type":"BooleanExpression"},"Flow":[{"Type":"Standard","ID":"BL_1AGF6sS1cSq5PJs","FlowID":"FL_25","Autofill":[]},{"Type":"Standard","ID":"BL_7an5ohcTgn3b8qy","FlowID":"FL_27","Autofill":[]},{"Type":"Standard","ID":"BL_ezWN9NlfTqchNVY","FlowID":"FL_29","Autofill":[]},{"Type":"Block","ID":"BL_8IaLZxlfKGyMoOG","FlowID":"FL_30","Autofill":[]},{"Type":"BlockRandomizer","FlowID":"FL_38","SubSet":1,"EvenPresentation":true,"Flow":[{"Type":"BlockRandomizer","FlowID":"FL_55","SubSet":2,"EvenPresentation":true,"Flow":[{"Type":"Standard","ID":"BL_4YF8VEReAGNxcNM","FlowID":"FL_28","Autofill":[]},{"Type":"EmbeddedData","FlowID":"FL_56","EmbeddedData":[{"Description":"Strategy","Type":"Custom","Field":"Strategy","VariableType":"String","DataVisibility":[],"AnalyzeText":false,"Value":"0"}]}]},{"Type":"BlockRandomizer","FlowID":"FL_64","SubSet":1,"EvenPresentation":true,"Flow":[{"Type":"Standard","ID":"BL_79QjhBIKjG8l7iS","FlowID":"FL_65","Autofill":[]},{"Type":"Standard","ID":"BL_4UVNmvzOX9DdNQ2","FlowID":"FL_66","Autofill":[]},{"Type":"Standard","ID":"BL_2mhIhSinGs43xR4","FlowID":"FL_67","Autofill":[]}]},{"Type":"BlockRandomizer","FlowID":"FL_60","SubSet":1,"EvenPresentation":true,"Flow":[{"Type":"Standard","ID":"BL_aXI9rVg8tlNpXBY","FlowID":"FL_61","Autofill":[]},{"Type":"Standard","ID":"BL_9EVnm5RZDPZb4rk","FlowID":"FL_62","Autofill":[]},{"Type":"Standard","ID":"BL_8eMbuRjaHvGg1cq","FlowID":"FL_63","Autofill":[]}]}]},{"Type":"Standard","ID":"BL_a5HnoUVtXuKWY6i","FlowID":"FL_31","Autofill":[]}]},{"Type":"Standard","ID":"BL_2mGg5q4bpoPNaqG","FlowID":"FL_32","Autofill":[]},{"Type":"Branch","FlowID":"FL_47","Description":"New Branch","BranchLogic":{"0":{"0":{"LogicType":"EmbeddedField","LeftOperand":"Strategy","Operator":"NotEqualTo","RightOperand":"0","_HiddenExpression":false,"Type":"Expression","Description":"<span class=\"ConjDesc\">If<\/span>  <span class=\"LeftOpDesc\">Strategy<\/span> <span class=\"OpDesc\">Is Not Equal to<\/span> <span class=\"RightOpDesc\"> 0 <\/span>"},"Type":"If"},"Type":"BooleanExpression"},"Flow":[{"Type":"Standard","ID":"BL_cAPgDjhMyAkCI5g","FlowID":"FL_33","Autofill":[]}]},{"Type":"Standard","ID":"BL_9NC4cxdnMsBvHx4","FlowID":"FL_72","Autofill":[]}],"Properties":{"Count":73,"RemovedFieldsets":[]}}},{"SurveyID":"SV_8faC6TzlCp65cIm","Element":"SO","PrimaryAttribute":"Survey Options","SecondaryAttribute":null,"TertiaryAttribute":null,"Payload":{"BackButton":"false","SaveAndContinue":"false","SurveyProtection":"PublicSurvey","BallotBoxStuffingPrevention":"true","NoIndex":"Yes","SecureResponseFiles":"true","SurveyExpiration":"None","SurveyTermination":"DefaultMessage","Header":"","Footer":"","ProgressBarDisplay":"None","PartialData":"+1 hour","ValidationMessage":null,"PreviousButton":" \u2190 ","NextButton":" \u2192 ","SurveyTitle":"Qualtrics Survey | Qualtrics Experience Management","SkinLibrary":"leidenuniv","SkinType":"MQ","Skin":"leidenuniv1_new","NewScoring":1,"EOSMessage":null,"ShowExportTags":"false","CollectGeoLocation":"false","SurveyMetaDescription":"The most powerful, simple and trusted way to gather experience data. Start your journey to experience management and try a free account today.","PasswordProtection":"No","AnonymizeResponse":"No","RefererCheck":"No","RecaptchaV3":"true","ConfirmStart":false,"AutoConfirmStart":false,"RelevantID":"false","RelevantIDLockoutPeriod":"+30 days","UseCustomSurveyLinkCompletedMessage":null,"SurveyLinkCompletedMessage":null,"SurveyLinkCompletedMessageLibrary":null,"ResponseSummary":"No","EOSMessageLibrary":null,"EOSRedirectURL":null,"EmailThankYou":"false","ThankYouEmailMessageLibrary":null,"ThankYouEmailMessage":null,"ValidateMessage":"true","ValidationMessageLibrary":null,"InactiveSurvey":"DefaultMessage","PartialDeletion":null,"PartialDataCloseAfter":"SurveyStart","InactiveMessageLibrary":null,"InactiveMessage":null,"AvailableLanguages":{"EN":[]},"SurveyName":"AUT","ProtectSelectionIds":true}},{"SurveyID":"SV_8faC6TzlCp65cIm","Element":"SCO","PrimaryAttribute":"Scoring","SecondaryAttribute":null,"TertiaryAttribute":null,"Payload":{"ScoringCategories":[],"ScoringCategoryGroups":[],"ScoringSummaryCategory":null,"ScoringSummaryAfterQuestions":0,"ScoringSummaryAfterSurvey":0,"DefaultScoringCategory":null,"AutoScoringCategory":null}},{"SurveyID":"SV_8faC6TzlCp65cIm","Element":"PROJ","PrimaryAttribute":"CORE","SecondaryAttribute":null,"TertiaryAttribute":"1.1.0","Payload":{"ProjectCategory":"CORE","SchemaVersion":"1.1.0"}},{"SurveyID":"SV_8faC6TzlCp65cIm","Element":"STAT","PrimaryAttribute":"Survey Statistics","SecondaryAttribute":null,"TertiaryAttribute":null,"Payload":{"MobileCompatible":true,"ID":"Survey Statistics"}},{"SurveyID":"SV_8faC6TzlCp65cIm","Element":"SQ","PrimaryAttribute":"QID16","SecondaryAttribute":" ","TertiaryAttribute":null,"Payload":{"QuestionText":"<img src=\"https:\/\/www.blacktownbuildingsupplies.com.au\/wp-content\/uploads\/2019\/03\/cbe.jpg\" alt=\"Brick\" style=\"width:200px;height:200px;\">","DefaultChoices":false,"DataExportTag":"Q16","QuestionType":"DB","Selector":"TB","Configuration":{"QuestionDescriptionOption":"UseText"},"QuestionDescription":" ","ChoiceOrder":[],"Validation":{"Settings":{"Type":"None"}},"GradingData":[],"Language":[],"NextChoiceId":4,"NextAnswerId":1,"QuestionID":"QID16"}},{"SurveyID":"SV_8faC6TzlCp65cIm","Element":"SQ","PrimaryAttribute":"QID18","SecondaryAttribute":" ","TertiaryAttribute":null,"Payload":{"QuestionText":"<img src=\"https:\/\/kantoorartikelshop.nl\/39198\/paperclip-80mm-glad-staaldraad-doos-100.jpg\" alt=\"Paperclip\" style=\"width:200px;height:200px;\">","DefaultChoices":false,"DataExportTag":"Q18","QuestionType":"DB","Selector":"TB","Configuration":{"QuestionDescriptionOption":"UseText"},"QuestionDescription":" ","ChoiceOrder":[],"Validation":{"Settings":{"Type":"None"}},"GradingData":[],"Language":[],"NextChoiceId":4,"NextAnswerId":1,"QuestionID":"QID18"}},{"SurveyID":"SV_8faC6TzlCp65cIm","Element":"SQ","PrimaryAttribute":"QID19","SecondaryAttribute":" ","TertiaryAttribute":null,"Payload":{"QuestionText":"<img src=\"https:\/\/www.blacktownbuildingsupplies.com.au\/wp-content\/uploads\/2019\/03\/cbe.jpg\" alt=\"Brick\" style=\"width:200px;height:200px;\">","DefaultChoices":false,"DataExportTag":"Q19","QuestionType":"DB","Selector":"TB","Configuration":{"QuestionDescriptionOption":"UseText"},"QuestionDescription":" ","ChoiceOrder":[],"Validation":{"Settings":{"Type":"None"}},"GradingData":[],"Language":[],"NextChoiceId":4,"NextAnswerId":1,"QuestionID":"QID19"}},{"SurveyID":"SV_8faC6TzlCp65cIm","Element":"SQ","PrimaryAttribute":"QID24","SecondaryAttribute":" ","TertiaryAttribute":null,"Payload":{"QuestionText":"<img src=\"https:\/\/kantoorartikelshop.nl\/39198\/paperclip-80mm-glad-staaldraad-doos-100.jpg\" alt=\"Paperclip\" style=\"width:200px;height:200px;\">","DefaultChoices":false,"QuestionType":"DB","Selector":"TB","Configuration":{"QuestionDescriptionOption":"UseText"},"QuestionDescription":" ","ChoiceOrder":[],"Validation":{"Settings":{"Type":"None"}},"GradingData":[],"Language":[],"NextChoiceId":4,"NextAnswerId":1,"QuestionText_Unsafe":"<img src=\"https:\/\/kantoorartikelshop.nl\/39198\/paperclip-80mm-glad-staaldraad-doos-100.jpg\" alt=\"Paperclip\" style=\"width:200px;height:200px;\">","DataExportTag":"Q24","QuestionID":"QID24"}},{"SurveyID":"SV_8faC6TzlCp65cIm","Element":"QC","PrimaryAttribute":"Survey Question Count","SecondaryAttribute":"57","TertiaryAttribute":null,"Payload":null},{"SurveyID":"SV_8faC6TzlCp65cIm","Element":"SQ","PrimaryAttribute":"QID34","SecondaryAttribute":"After the break, if you run out of ideas, consider using the following phrase as a strategy for c...","TertiaryAttribute":null,"Payload":{"QuestionText":"<div>After the break, if you run out of ideas, consider using the \nfollowing phrase as a strategy for coming up with new ideas. You can \ninterpret the phrase as you wish.<\/div><div><br><\/div><div>\"<b>Twist the spine<\/b>\"<\/div>","DefaultChoices":false,"DataExportTag":"Q31","QuestionType":"DB","Selector":"TB","Configuration":{"QuestionDescriptionOption":"UseText"},"QuestionDescription":"After the break, if you run out of ideas, consider using the following phrase as a strategy for c...","ChoiceOrder":[],"Validation":{"Settings":{"Type":"None"}},"GradingData":[],"Language":[],"NextChoiceId":4,"NextAnswerId":1,"QuestionID":"QID34","DataVisibility":{"Private":false,"Hidden":false}}},{"SurveyID":"SV_8faC6TzlCp65cIm","Element":"SQ","PrimaryAttribute":"QID36","SecondaryAttribute":"After the break, if you run out of ideas, consider using the following phrase as a strategy for c...","TertiaryAttribute":null,"Payload":{"QuestionText":"<div>After the break, if you run out of ideas, consider using the following phrase as a strategy for coming up with new ideas. You can interpret the phrase as you wish.<\/div><div><br><\/div><div>\"<strong>Draw a door. It should open to 3<\/strong>\"<\/div>","DefaultChoices":false,"QuestionType":"DB","Selector":"TB","Configuration":{"QuestionDescriptionOption":"UseText"},"QuestionDescription":"After the break, if you run out of ideas, consider using the following phrase as a strategy for c...","ChoiceOrder":[],"Validation":{"Settings":{"Type":"None"}},"GradingData":[],"Language":[],"NextChoiceId":4,"NextAnswerId":1,"QuestionText_Unsafe":"<div>After the break please use this following strategy as much as possible when answering. You can interpret the phrase as you wish.<\/div><div><br><\/div><div>strategy: \"<b>XXXXXXXX<\/b>\"<br><\/div>","DataExportTag":"Q36","QuestionID":"QID36","DataVisibility":{"Private":false,"Hidden":false}}},{"SurveyID":"SV_8faC6TzlCp65cIm","Element":"SQ","PrimaryAttribute":"QID41","SecondaryAttribute":"After the break, if you run out of ideas, consider using the following phrase as a strategy for c...","TertiaryAttribute":null,"Payload":{"QuestionText":"<div>After the break, if you run out of ideas, consider using the \nfollowing phrase as a strategy for coming up with new ideas. You can \ninterpret the phrase as you wish.<\/div><div><br><\/div><div>\"<b>What wouldn\u2019t you do?<\/b>\"<\/div>","DefaultChoices":false,"QuestionType":"DB","Selector":"TB","Configuration":{"QuestionDescriptionOption":"UseText"},"QuestionDescription":"After the break, if you run out of ideas, consider using the following phrase as a strategy for c...","ChoiceOrder":[],"Validation":{"Settings":{"Type":"None"}},"GradingData":[],"Language":[],"NextChoiceId":4,"NextAnswerId":1,"DataVisibility":{"Private":false,"Hidden":false},"QuestionText_Unsafe":"<div>After the break, if you run out of ideas, consider using the \nfollowing phrase as a strategy for coming up with new ideas. You can \ninterpret the phrase as you wish.<\/div><div><br><\/div><div>\"<b>Twist the spine<\/b>\"<\/div>","DataExportTag":"Q41","QuestionID":"QID41"}},{"SurveyID":"SV_8faC6TzlCp65cIm","Element":"SQ","PrimaryAttribute":"QID44","SecondaryAttribute":"After the break, if you run out of ideas, consider using the following phrase as a strategy for c...","TertiaryAttribute":null,"Payload":{"QuestionText":"<div>After the break, if you run out of ideas, consider using the \nfollowing phrase as a strategy for coming up with new ideas. You can \ninterpret the phrase as you wish.<\/div><div><br><\/div><div>\"<b>Don't be frightened of cliches<\/b>\"<\/div>","DefaultChoices":false,"QuestionType":"DB","Selector":"TB","Configuration":{"QuestionDescriptionOption":"UseText"},"QuestionDescription":"After the break, if you run out of ideas, consider using the following phrase as a strategy for c...","ChoiceOrder":[],"Validation":{"Settings":{"Type":"None"}},"GradingData":[],"Language":[],"NextChoiceId":4,"NextAnswerId":1,"DataVisibility":{"Private":false,"Hidden":false},"QuestionText_Unsafe":"<div>After the break, if you run out of ideas, consider using the \nfollowing phrase as a strategy for coming up with new ideas. You can \ninterpret the phrase as you wish.<\/div><div><br><\/div><div>\"<b>What wouldn\u2019t you do?<\/b>\"<\/div>","DataExportTag":"Q44","QuestionID":"QID44"}},{"SurveyID":"SV_8faC6TzlCp65cIm","Element":"SQ","PrimaryAttribute":"QID47","SecondaryAttribute":"After the break, if you run out of ideas, consider using the following phrase as a strategy for c...","TertiaryAttribute":null,"Payload":{"QuestionText":"<div>After the break, if you run out of ideas, consider using the following phrase as a strategy for coming up with new ideas. You can interpret the phrase as you wish.<\/div><div><br><\/div><div>\"<strong>Do not worry about what others will say<\/strong>\"<\/div>","DefaultChoices":false,"QuestionType":"DB","Selector":"TB","Configuration":{"QuestionDescriptionOption":"UseText"},"QuestionDescription":"After the break, if you run out of ideas, consider using the following phrase as a strategy for c...","ChoiceOrder":[],"Validation":{"Settings":{"Type":"None"}},"GradingData":[],"Language":[],"NextChoiceId":4,"NextAnswerId":1,"QuestionText_Unsafe":"<div>After the break, if you run out of ideas, consider using the following phrase as a strategy for coming up with new ideas. You can interpret the phrase as you wish.<\/div><div><br><\/div><div>\"<strong>Draw a door. It should open to 3<\/strong>\"<\/div>","DataVisibility":{"Private":false,"Hidden":false},"DataExportTag":"Q47","QuestionID":"QID47"}},{"SurveyID":"SV_8faC6TzlCp65cIm","Element":"SQ","PrimaryAttribute":"QID50","SecondaryAttribute":"After the break, if you run out of ideas, consider using the following phrase as a strategy for c...","TertiaryAttribute":null,"Payload":{"QuestionText":"<div>After the break, if you run out of ideas, consider using the following phrase as a strategy for coming up with new ideas. You can interpret the phrase as you wish.<\/div><div><br><\/div><div>\"<strong>Change your routine, your fears<\/strong>\"<\/div>","DefaultChoices":false,"QuestionType":"DB","Selector":"TB","Configuration":{"QuestionDescriptionOption":"UseText"},"QuestionDescription":"After the break, if you run out of ideas, consider using the following phrase as a strategy for c...","ChoiceOrder":[],"Validation":{"Settings":{"Type":"None"}},"GradingData":[],"Language":[],"NextChoiceId":4,"NextAnswerId":1,"QuestionText_Unsafe":"<div>After the break, if you run out of ideas, consider using the following phrase as a strategy for coming up with new ideas. You can interpret the phrase as you wish.<\/div><div><br><\/div><div>\"<strong>Draw a door. It should open to 3<\/strong>\"<\/div>","DataVisibility":{"Private":false,"Hidden":false},"DataExportTag":"Q50","QuestionID":"QID50"}},{"SurveyID":"SV_8faC6TzlCp65cIm","Element":"SQ","PrimaryAttribute":"QID39","SecondaryAttribute":"Dear participant, This is a survey for a thesis project regarding computers and creativity. Our g...","TertiaryAttribute":null,"Payload":{"QuestionText":"<div>Dear participant, <br><\/div><div><br><\/div><div>This is a survey for a thesis project regarding computers and creativity. Our goal is to study the effect of a method for encouraging creative thinking. The survey has two simple and straightforward tasks and will in total take approx. 15 min to complete. At the last stage, you will get various multiple-choice questions on your experience doing the exercise. <b style=\"text-transform:uppercase;\"> Please complete the survey alone without the use of any external resources, otherwise, your submission will be declined.<\/b> There are no right or wrong answers, your experience is the most important factor.  <br><\/div>","DefaultChoices":false,"DataExportTag":"Q36","QuestionType":"DB","Selector":"TB","Configuration":{"QuestionDescriptionOption":"UseText","InputWidth":680,"InputHeight":576},"QuestionDescription":"Dear participant, This is a survey for a thesis project regarding computers and creativity. Our g...","ChoiceOrder":[],"Validation":{"Settings":{"Type":"None"}},"GradingData":[],"Language":[],"NextChoiceId":4,"NextAnswerId":1,"QuestionID":"QID39","DataVisibility":{"Private":false,"Hidden":false}}},{"SurveyID":"SV_8faC6TzlCp65cIm","Element":"RS","PrimaryAttribute":"RS_57PkCRp5S3GDH5s","SecondaryAttribute":"Default Response Set","TertiaryAttribute":null,"Payload":null},{"SurveyID":"SV_8faC6TzlCp65cIm","Element":"SQ","PrimaryAttribute":"QID13","SecondaryAttribute":"Have a little break! Please wait until the timer goes off.","TertiaryAttribute":null,"Payload":{"QuestionText":"Have a little break! Please wait until the timer goes off.","DefaultChoices":false,"DataExportTag":"Q13","QuestionType":"DB","Selector":"TB","Configuration":{"QuestionDescriptionOption":"UseText"},"QuestionDescription":"Have a little break! Please wait until the timer goes off.","ChoiceOrder":[],"Validation":{"Settings":{"Type":"None"}},"GradingData":[],"Language":[],"NextChoiceId":4,"NextAnswerId":1,"QuestionID":"QID13"}},{"SurveyID":"SV_8faC6TzlCp65cIm","Element":"SQ","PrimaryAttribute":"QID20","SecondaryAttribute":"Have a little break! Please wait until the timer goes off.","TertiaryAttribute":null,"Payload":{"QuestionText":"Have a little break! Please wait until the timer goes off.","DefaultChoices":false,"QuestionType":"DB","Selector":"TB","Configuration":{"QuestionDescriptionOption":"UseText"},"QuestionDescription":"Have a little break! Please wait until the timer goes off.","ChoiceOrder":[],"Validation":{"Settings":{"Type":"None"}},"GradingData":[],"Language":[],"NextChoiceId":4,"NextAnswerId":1,"QuestionText_Unsafe":"Have a little break! Please wait until the timer goes off.","DataExportTag":"Q20","QuestionID":"QID20"}},{"SurveyID":"SV_8faC6TzlCp65cIm","Element":"SQ","PrimaryAttribute":"QID32","SecondaryAttribute":"Have a little break! Please wait until the timer goes off.","TertiaryAttribute":null,"Payload":{"QuestionText":"Have a little break! Please wait until the timer goes off.","DefaultChoices":false,"QuestionType":"DB","Selector":"TB","Configuration":{"QuestionDescriptionOption":"UseText"},"QuestionDescription":"Have a little break! Please wait until the timer goes off.","ChoiceOrder":[],"Validation":{"Settings":{"Type":"None"}},"GradingData":[],"Language":[],"NextChoiceId":4,"NextAnswerId":1,"QuestionText_Unsafe":"Have a little break! Please wait until the timer goes off.","DataExportTag":"Q32","QuestionID":"QID32"}},{"SurveyID":"SV_8faC6TzlCp65cIm","Element":"SQ","PrimaryAttribute":"QID35","SecondaryAttribute":"Have a little break! Please wait until the timer goes off.","TertiaryAttribute":null,"Payload":{"QuestionText":"Have a little break! Please wait until the timer goes off.","DefaultChoices":false,"QuestionType":"DB","Selector":"TB","Configuration":{"QuestionDescriptionOption":"UseText"},"QuestionDescription":"Have a little break! Please wait until the timer goes off.","ChoiceOrder":[],"Validation":{"Settings":{"Type":"None"}},"GradingData":[],"Language":[],"NextChoiceId":4,"NextAnswerId":1,"QuestionText_Unsafe":"Have a little break! Please wait until the timer goes off.","DataExportTag":"Q35","QuestionID":"QID35","DataVisibility":{"Private":false,"Hidden":false}}},{"SurveyID":"SV_8faC6TzlCp65cIm","Element":"SQ","PrimaryAttribute":"QID40","SecondaryAttribute":"Have a little break! Please wait until the timer goes off.","TertiaryAttribute":null,"Payload":{"QuestionText":"Have a little break! Please wait until the timer goes off.","DefaultChoices":false,"QuestionType":"DB","Selector":"TB","Configuration":{"QuestionDescriptionOption":"UseText"},"QuestionDescription":"Have a little break! Please wait until the timer goes off.","ChoiceOrder":[],"Validation":{"Settings":{"Type":"None"}},"GradingData":[],"Language":[],"NextChoiceId":4,"NextAnswerId":1,"QuestionText_Unsafe":"Have a little break! Please wait until the timer goes off.","DataExportTag":"Q40","QuestionID":"QID40"}},{"SurveyID":"SV_8faC6TzlCp65cIm","Element":"SQ","PrimaryAttribute":"QID43","SecondaryAttribute":"Have a little break! Please wait until the timer goes off.","TertiaryAttribute":null,"Payload":{"QuestionText":"Have a little break! Please wait until the timer goes off.","DefaultChoices":false,"QuestionType":"DB","Selector":"TB","Configuration":{"QuestionDescriptionOption":"UseText"},"QuestionDescription":"Have a little break! Please wait until the timer goes off.","ChoiceOrder":[],"Validation":{"Settings":{"Type":"None"}},"GradingData":[],"Language":[],"NextChoiceId":4,"NextAnswerId":1,"QuestionText_Unsafe":"Have a little break! Please wait until the timer goes off.","DataExportTag":"Q43","QuestionID":"QID43"}},{"SurveyID":"SV_8faC6TzlCp65cIm","Element":"SQ","PrimaryAttribute":"QID46","SecondaryAttribute":"Have a little break! Please wait until the timer goes off.","TertiaryAttribute":null,"Payload":{"QuestionText":"Have a little break! Please wait until the timer goes off.","DefaultChoices":false,"QuestionType":"DB","Selector":"TB","Configuration":{"QuestionDescriptionOption":"UseText"},"QuestionDescription":"Have a little break! Please wait until the timer goes off.","ChoiceOrder":[],"Validation":{"Settings":{"Type":"None"}},"GradingData":[],"Language":[],"NextChoiceId":4,"NextAnswerId":1,"QuestionText_Unsafe":"Have a little break! Please wait until the timer goes off.","DataExportTag":"Q46","QuestionID":"QID46"}},{"SurveyID":"SV_8faC6TzlCp65cIm","Element":"SQ","PrimaryAttribute":"QID49","SecondaryAttribute":"Have a little break! Please wait until the timer goes off.","TertiaryAttribute":null,"Payload":{"QuestionText":"Have a little break! Please wait until the timer goes off.","DefaultChoices":false,"QuestionType":"DB","Selector":"TB","Configuration":{"QuestionDescriptionOption":"UseText"},"QuestionDescription":"Have a little break! Please wait until the timer goes off.","ChoiceOrder":[],"Validation":{"Settings":{"Type":"None"}},"GradingData":[],"Language":[],"NextChoiceId":4,"NextAnswerId":1,"QuestionText_Unsafe":"Have a little break! Please wait until the timer goes off.","DataExportTag":"Q49","QuestionID":"QID49"}},{"SurveyID":"SV_8faC6TzlCp65cIm","Element":"SQ","PrimaryAttribute":"QID27","SecondaryAttribute":"Having a small break in between writing answers helped me come up with new\/better ideas after the...","TertiaryAttribute":null,"Payload":{"QuestionText":"Having a small break in between writing answers helped me come up with new\/better<br>ideas after the break.","DefaultChoices":false,"DataExportTag":"Q27","QuestionType":"MC","Selector":"SAVR","SubSelector":"TX","DataVisibility":{"Private":false,"Hidden":false},"Configuration":{"QuestionDescriptionOption":"UseText","Autoscale":{"YScale":{"Name":"agreeDisagree","Type":"likert","Reverse":false}}},"QuestionDescription":"Having a small break in between writing answers helped me come up with new\/better ideas after the...","Choices":{"1":{"Display":"Strongly agree"},"2":{"Display":"Somewhat agree"},"3":{"Display":"Neither agree nor disagree"},"4":{"Display":"Somewhat disagree"},"5":{"Display":"Strongly disagree"}},"ChoiceOrder":["1","2","3","4","5"],"Validation":{"Settings":{"ForceResponse":"ON","ForceResponseType":"ON","Type":"None"}},"GradingData":[],"Language":[],"NextChoiceId":6,"NextAnswerId":1,"QuestionID":"QID27"}},{"SurveyID":"SV_8faC6TzlCp65cIm","Element":"SQ","PrimaryAttribute":"QID57","SecondaryAttribute":"Here is your id number (survey code for mturk): ${e:\/\/Field\/Random%20ID} Please copy this number....","TertiaryAttribute":null,"Payload":{"QuestionText":"<div>Here is your id number (survey code for mturk):<\/div><div><br><\/div><div>${e:\/\/Field\/Random%20ID}<\/div><div><br><\/div><div>Please copy this number. Once you've copied your ID, click on to the next page to finish the survey. After that you can insert your id number on MTurk as your survey code.<br><\/div>","DefaultChoices":false,"DataExportTag":"Q48","QuestionType":"DB","Selector":"TB","Configuration":{"QuestionDescriptionOption":"UseText"},"QuestionDescription":"Here is your id number (survey code for mturk): ${e:\/\/Field\/Random%20ID} Please copy this number....","ChoiceOrder":[],"Validation":{"Settings":{"Type":"None"}},"GradingData":[],"Language":[],"NextChoiceId":4,"NextAnswerId":1,"QuestionID":"QID57","DataVisibility":{"Private":false,"Hidden":false}}},{"SurveyID":"SV_8faC6TzlCp65cIm","Element":"SQ","PrimaryAttribute":"QID53","SecondaryAttribute":"I have used the strategy that was presented during the second break. ","TertiaryAttribute":null,"Payload":{"QuestionText":"I have used the strategy that was presented during the second break.&nbsp;","DefaultChoices":false,"DataExportTag":"Q48","QuestionType":"MC","Selector":"SAVR","SubSelector":"TX","DataVisibility":{"Private":false,"Hidden":false},"Configuration":{"QuestionDescriptionOption":"UseText","Autoscale":{"YScale":{"Name":"noneAll","Type":"likert","Reverse":false}}},"QuestionDescription":"I have used the strategy that was presented during the second break. ","Choices":{"15":{"Display":"A great deal"},"16":{"Display":"A lot"},"17":{"Display":"A moderate amount"},"18":{"Display":"A little"},"19":{"Display":"None at all"}},"ChoiceOrder":["15","16","17","18","19"],"Validation":{"Settings":{"ForceResponse":"ON","ForceResponseType":"ON","Type":"None"}},"GradingData":[],"Language":[],"NextChoiceId":20,"NextAnswerId":1,"QuestionID":"QID53"}},{"SurveyID":"SV_8faC6TzlCp65cIm","Element":"SQ","PrimaryAttribute":"QID22","SecondaryAttribute":"In the next part you will again be asked to name as many possible uses as you can for a different...","TertiaryAttribute":null,"Payload":{"QuestionText":"In the next part you will again be asked to name as many possible uses as you can for a different ordinary object this time. You'll have 5 minutes to do so with a 30 sec. break in between after 3 minutes.  When you are ready to start go to the next page.","DefaultChoices":false,"QuestionType":"DB","Selector":"TB","Configuration":{"QuestionDescriptionOption":"UseText"},"QuestionDescription":"In the next part you will again be asked to name as many possible uses as you can for a different...","ChoiceOrder":[],"Validation":{"Settings":{"Type":"None"}},"GradingData":[],"Language":[],"NextChoiceId":4,"NextAnswerId":1,"QuestionText_Unsafe":"In the next part you will be asked to name as many possible uses as you can for an ordinary object. When you are ready go to the next page.","DataExportTag":"Q22","QuestionID":"QID22","DataVisibility":{"Private":false,"Hidden":false}}},{"SurveyID":"SV_8faC6TzlCp65cIm","Element":"SQ","PrimaryAttribute":"QID11","SecondaryAttribute":"In the next part you will be asked to name as many possible uses as you can for an ordinary objec...","TertiaryAttribute":null,"Payload":{"QuestionText":"In the next part you will be asked to name as many possible uses as you can for an ordinary object. You'll have 5 minutes to do so with a 30 sec. break in between after 3 minutes. When you are ready to start go to the next page.","DefaultChoices":false,"DataExportTag":"Q11","QuestionType":"DB","Selector":"TB","Configuration":{"QuestionDescriptionOption":"UseText"},"QuestionDescription":"In the next part you will be asked to name as many possible uses as you can for an ordinary objec...","ChoiceOrder":[],"Validation":{"Settings":{"Type":"None"}},"GradingData":[],"Language":[],"NextChoiceId":4,"NextAnswerId":1,"QuestionID":"QID11","DataVisibility":{"Private":false,"Hidden":false}}},{"SurveyID":"SV_8faC6TzlCp65cIm","Element":"SQ","PrimaryAttribute":"QID3","SecondaryAttribute":"Name as many uses of a Brick as possible","TertiaryAttribute":null,"Payload":{"QuestionText":"Name as many uses of a Brick as possible","DefaultChoices":false,"DataExportTag":"Q3","QuestionType":"TE","Selector":"ESTB","Configuration":{"QuestionDescriptionOption":"UseText","InputWidth":679,"InputHeight":680},"QuestionDescription":"Name as many uses of a Brick as possible","Validation":{"Settings":{"ForceResponse":"OFF","ForceResponseType":"ON","Type":"None"}},"GradingData":[],"Language":[],"NextChoiceId":4,"NextAnswerId":1,"SearchSource":{"AllowFreeResponse":"false"},"QuestionID":"QID3","DataVisibility":{"Private":false,"Hidden":false}}},{"SurveyID":"SV_8faC6TzlCp65cIm","Element":"SQ","PrimaryAttribute":"QID4","SecondaryAttribute":"Name as many uses of a Paperclip as possible","TertiaryAttribute":null,"Payload":{"QuestionText":"Name as many uses of a Paperclip as possible","DefaultChoices":false,"DataExportTag":"Q4","QuestionType":"TE","Selector":"ESTB","Configuration":{"QuestionDescriptionOption":"UseText","InputWidth":680,"InputHeight":680},"QuestionDescription":"Name as many uses of a Paperclip as possible","Validation":{"Settings":{"ForceResponse":"OFF","Type":"None"}},"GradingData":[],"Language":[],"NextChoiceId":4,"NextAnswerId":1,"SearchSource":{"AllowFreeResponse":"false"},"QuestionID":"QID4","DataVisibility":{"Private":false,"Hidden":false}}},{"SurveyID":"SV_8faC6TzlCp65cIm","Element":"SQ","PrimaryAttribute":"QID15","SecondaryAttribute":"Please continue! Keep naming as many other uses of a Brick as possible.","TertiaryAttribute":null,"Payload":{"QuestionText":"Please continue! Keep naming as many other uses of a Brick as possible.","DefaultChoices":false,"QuestionType":"TE","Selector":"ESTB","Configuration":{"QuestionDescriptionOption":"UseText","InputWidth":680,"InputHeight":500},"QuestionDescription":"Please continue! Keep naming as many other uses of a Brick as possible.","Validation":{"Settings":{"ForceResponse":"OFF","Type":"None"}},"GradingData":[],"Language":[],"NextChoiceId":4,"NextAnswerId":1,"SearchSource":{"AllowFreeResponse":"false"},"QuestionText_Unsafe":"Name as many uses of a Brick as possible","DataExportTag":"Q15","QuestionID":"QID15","DataVisibility":{"Private":false,"Hidden":false}}},{"SurveyID":"SV_8faC6TzlCp65cIm","Element":"SQ","PrimaryAttribute":"QID25","SecondaryAttribute":"Please continue! Keep naming as many other uses of a Paperclip as possible.","TertiaryAttribute":null,"Payload":{"QuestionText":"Please continue! Keep naming as many other uses of a Paperclip as possible.","DefaultChoices":false,"QuestionType":"TE","Selector":"ESTB","Configuration":{"QuestionDescriptionOption":"UseText","InputWidth":680,"InputHeight":680},"QuestionDescription":"Please continue! Keep naming as many other uses of a Paperclip as possible.","Validation":{"Settings":{"ForceResponse":"OFF","Type":"None"}},"GradingData":[],"Language":[],"NextChoiceId":4,"NextAnswerId":1,"SearchSource":{"AllowFreeResponse":"false"},"DataVisibility":{"Private":false,"Hidden":false},"QuestionText_Unsafe":"Name as many uses as possible for a Paperclip","DataExportTag":"Q25","QuestionID":"QID25"}},{"SurveyID":"SV_8faC6TzlCp65cIm","Element":"SQ","PrimaryAttribute":"QID10","SecondaryAttribute":"Please select your age","TertiaryAttribute":null,"Payload":{"QuestionText":"Please select your age","DefaultChoices":false,"DataExportTag":"Q10","QuestionType":"Slider","Selector":"HSLIDER","Configuration":{"QuestionDescriptionOption":"UseText","CSSliderMin":0,"CSSliderMax":100,"GridLines":10,"SnapToGrid":false,"NumDecimals":"0","ShowValue":true,"CustomStart":true,"NotApplicable":false,"MobileFirst":true,"SliderStartPositions":{"1":0.251173708920187810367252723153796978294849395751953125}},"QuestionDescription":"Please select your age","Choices":{"1":{"Display":"age"}},"ChoiceOrder":[1],"Validation":{"Settings":{"ForceResponse":"ON","ForceResponseType":"ON","Type":"None"}},"GradingData":[],"Language":[],"NextChoiceId":2,"NextAnswerId":1,"Labels":[],"QuestionID":"QID10","DataVisibility":{"Private":false,"Hidden":false}}},{"SurveyID":"SV_8faC6TzlCp65cIm","Element":"SQ","PrimaryAttribute":"QID8","SecondaryAttribute":"Please select your gender","TertiaryAttribute":null,"Payload":{"QuestionText":"Please select your gender","DefaultChoices":false,"DataExportTag":"Q8","QuestionType":"MC","Selector":"SAVR","SubSelector":"TX","Configuration":{"QuestionDescriptionOption":"UseText","Autoscale":{"YScale":{"Name":"maleFemale","Type":"likert","Reverse":false}}},"QuestionDescription":"Please select your gender","Choices":{"1":{"Display":"Male"},"2":{"Display":"Female"},"3":{"Display":"Non-binary \/ third gender"},"4":{"Display":"Prefer not to say"}},"ChoiceOrder":["1","2","3","4"],"Validation":{"Settings":{"ForceResponse":"ON","ForceResponseType":"ON","Type":"None"}},"GradingData":[],"Language":[],"NextChoiceId":5,"NextAnswerId":1,"QuestionID":"QID8","DataVisibility":{"Private":false,"Hidden":false}}},{"SurveyID":"SV_8faC6TzlCp65cIm","Element":"SQ","PrimaryAttribute":"QID30","SecondaryAttribute":"The strategy that was presented during the second break helped me come up with ideas in a broader...","TertiaryAttribute":null,"Payload":{"QuestionText":"The strategy that was presented during the second break helped me come up with ideas in a broader range of categories and applications after the break.","DefaultChoices":false,"DataExportTag":"Q30","QuestionType":"MC","Selector":"SAVR","SubSelector":"TX","DataVisibility":{"Private":false,"Hidden":false},"Configuration":{"QuestionDescriptionOption":"UseText","Autoscale":{"YScale":{"Name":"agreeDisagree","Type":"likert","Reverse":false}}},"QuestionDescription":"The strategy that was presented during the second break helped me come up with ideas in a broader...","Choices":{"1":{"Display":"Strongly agree"},"2":{"Display":"Somewhat agree"},"3":{"Display":"Neither agree nor disagree"},"4":{"Display":"Somewhat disagree"},"5":{"Display":"Strongly disagree"}},"ChoiceOrder":["1","2","3","4","5"],"Validation":{"Settings":{"ForceResponse":"ON","ForceResponseType":"ON","Type":"None"}},"GradingData":[],"Language":[],"NextChoiceId":6,"NextAnswerId":1,"QuestionID":"QID30"}},{"SurveyID":"SV_8faC6TzlCp65cIm","Element":"SQ","PrimaryAttribute":"QID31","SecondaryAttribute":"The strategy that was presented during the second break helped me come up with ideas with a highe...","TertiaryAttribute":null,"Payload":{"QuestionText":"The strategy that was presented during the second break helped me come up with ideas with a higher level of detail after the break.","DefaultChoices":false,"DataExportTag":"Q31","QuestionType":"MC","Selector":"SAVR","SubSelector":"TX","DataVisibility":{"Private":false,"Hidden":false},"Configuration":{"QuestionDescriptionOption":"UseText","Autoscale":{"YScale":{"Name":"agreeDisagree","Type":"likert","Reverse":false}}},"QuestionDescription":"The strategy that was presented during the second break helped me come up with ideas with a highe...","Choices":{"1":{"Display":"Strongly agree"},"2":{"Display":"Somewhat agree"},"3":{"Display":"Neither agree nor disagree"},"4":{"Display":"Somewhat disagree"},"5":{"Display":"Strongly disagree"}},"ChoiceOrder":["1","2","3","4","5"],"Validation":{"Settings":{"ForceResponse":"ON","ForceResponseType":"ON","Type":"None"}},"GradingData":[],"Language":[],"NextChoiceId":6,"NextAnswerId":1,"QuestionID":"QID31"}},{"SurveyID":"SV_8faC6TzlCp65cIm","Element":"SQ","PrimaryAttribute":"QID29","SecondaryAttribute":"The strategy that was presented during the second break helped me come up with more original or u...","TertiaryAttribute":null,"Payload":{"QuestionText":"The strategy that was presented during the second break helped me come up with more original or unusual ideas after the break.","DefaultChoices":false,"DataExportTag":"Q29","QuestionType":"MC","Selector":"SAVR","SubSelector":"TX","DataVisibility":{"Private":false,"Hidden":false},"Configuration":{"QuestionDescriptionOption":"UseText","Autoscale":{"YScale":{"Name":"agreeDisagree","Type":"likert","Reverse":false}}},"QuestionDescription":"The strategy that was presented during the second break helped me come up with more original or u...","Choices":{"1":{"Display":"Strongly agree"},"2":{"Display":"Somewhat agree"},"3":{"Display":"Neither agree nor disagree"},"4":{"Display":"Somewhat disagree"},"5":{"Display":"Strongly disagree"}},"ChoiceOrder":["1","2","3","4","5"],"Validation":{"Settings":{"ForceResponse":"ON","ForceResponseType":"ON","Type":"None"}},"GradingData":[],"Language":[],"NextChoiceId":6,"NextAnswerId":1,"QuestionID":"QID29"}},{"SurveyID":"SV_8faC6TzlCp65cIm","Element":"SQ","PrimaryAttribute":"QID28","SecondaryAttribute":"The strategy that was presented during the second break helped me think of more ideas after the b...","TertiaryAttribute":null,"Payload":{"QuestionText":"The strategy that was presented during the second break helped me think of more ideas after the break.","DefaultChoices":false,"DataExportTag":"Q28","QuestionType":"MC","Selector":"SAVR","SubSelector":"TX","DataVisibility":{"Private":false,"Hidden":false},"Configuration":{"QuestionDescriptionOption":"UseText","Autoscale":{"YScale":{"Name":"agreeDisagree","Type":"likert","Reverse":false}}},"QuestionDescription":"The strategy that was presented during the second break helped me think of more ideas after the b...","Choices":{"1":{"Display":"Strongly agree"},"2":{"Display":"Somewhat agree"},"3":{"Display":"Neither agree nor disagree"},"4":{"Display":"Somewhat disagree"},"5":{"Display":"Strongly disagree"}},"ChoiceOrder":["1","2","3","4","5"],"Validation":{"Settings":{"ForceResponse":"ON","ForceResponseType":"ON","Type":"None"}},"GradingData":[],"Language":[],"NextChoiceId":6,"NextAnswerId":1,"QuestionID":"QID28"}},{"SurveyID":"SV_8faC6TzlCp65cIm","Element":"SQ","PrimaryAttribute":"QID2","SecondaryAttribute":"Timing","TertiaryAttribute":null,"Payload":{"QuestionText":"Timing","DefaultChoices":false,"DataExportTag":"Q2","QuestionType":"Timing","Selector":"PageTimer","Configuration":{"QuestionDescriptionOption":"UseText","MinSeconds":180,"MaxSeconds":180,"ShowTimer":true,"Seconds":180},"QuestionDescription":"Timing","Choices":{"1":{"Display":"First Click"},"2":{"Display":"Last Click"},"3":{"Display":"Page Submit"},"4":{"Display":"Click Count"}},"GradingData":[],"Language":[],"NextChoiceId":296,"NextAnswerId":1,"QuestionID":"QID2","DataVisibility":{"Private":false,"Hidden":false}}},{"SurveyID":"SV_8faC6TzlCp65cIm","Element":"SQ","PrimaryAttribute":"QID5","SecondaryAttribute":"Timing","TertiaryAttribute":null,"Payload":{"QuestionText":"Timing","DefaultChoices":false,"DataExportTag":"Q5","QuestionType":"Timing","Selector":"PageTimer","Configuration":{"QuestionDescriptionOption":"UseText","MinSeconds":180,"MaxSeconds":180,"ShowTimer":true,"Seconds":180},"QuestionDescription":"Timing","Choices":{"1":{"Display":"First Click"},"2":{"Display":"Last Click"},"3":{"Display":"Page Submit"},"4":{"Display":"Click Count"}},"GradingData":[],"Language":[],"NextChoiceId":208,"NextAnswerId":1,"QuestionID":"QID5","DataVisibility":{"Private":false,"Hidden":false}}},{"SurveyID":"SV_8faC6TzlCp65cIm","Element":"SQ","PrimaryAttribute":"QID12","SecondaryAttribute":"Timing","TertiaryAttribute":null,"Payload":{"QuestionText":"Timing","DefaultChoices":false,"DataExportTag":"Q12","QuestionType":"Timing","Selector":"PageTimer","Configuration":{"QuestionDescriptionOption":"UseText","MinSeconds":30,"MaxSeconds":30.010000000000001563194018672220408916473388671875,"ShowTimer":true,"Seconds":30},"QuestionDescription":"Timing","Choices":{"1":{"Display":"First Click"},"2":{"Display":"Last Click"},"3":{"Display":"Page Submit"},"4":{"Display":"Click Count"}},"GradingData":[],"Language":[],"NextChoiceId":156,"NextAnswerId":1,"QuestionID":"QID12","DataVisibility":{"Private":false,"Hidden":false}}},{"SurveyID":"SV_8faC6TzlCp65cIm","Element":"SQ","PrimaryAttribute":"QID14","SecondaryAttribute":"Timing","TertiaryAttribute":null,"Payload":{"QuestionText":"Timing","DefaultChoices":false,"QuestionType":"Timing","Selector":"PageTimer","Configuration":{"QuestionDescriptionOption":"UseText","MinSeconds":120,"MaxSeconds":120,"ShowTimer":true,"Seconds":120},"QuestionDescription":"Timing","Choices":{"1":{"Display":"First Click"},"2":{"Display":"Last Click"},"3":{"Display":"Page Submit"},"4":{"Display":"Click Count"}},"GradingData":[],"Language":[],"NextChoiceId":296,"NextAnswerId":1,"DataVisibility":{"Private":false,"Hidden":false},"QuestionText_Unsafe":"Timing","DataExportTag":"Q14","QuestionID":"QID14"}},{"SurveyID":"SV_8faC6TzlCp65cIm","Element":"SQ","PrimaryAttribute":"QID21","SecondaryAttribute":"Timing","TertiaryAttribute":null,"Payload":{"QuestionText":"Timing","DefaultChoices":false,"QuestionType":"Timing","Selector":"PageTimer","Configuration":{"QuestionDescriptionOption":"UseText","MinSeconds":30,"MaxSeconds":30.010000000000001563194018672220408916473388671875,"ShowTimer":true,"Seconds":30},"QuestionDescription":"Timing","Choices":{"1":{"Display":"First Click"},"2":{"Display":"Last Click"},"3":{"Display":"Page Submit"},"4":{"Display":"Click Count"}},"GradingData":[],"Language":[],"NextChoiceId":148,"NextAnswerId":1,"DataVisibility":{"Private":false,"Hidden":false},"QuestionText_Unsafe":"Timing","DataExportTag":"Q21","QuestionID":"QID21"}},{"SurveyID":"SV_8faC6TzlCp65cIm","Element":"SQ","PrimaryAttribute":"QID23","SecondaryAttribute":"Timing","TertiaryAttribute":null,"Payload":{"QuestionText":"Timing","DefaultChoices":false,"QuestionType":"Timing","Selector":"PageTimer","Configuration":{"QuestionDescriptionOption":"UseText","MinSeconds":120,"MaxSeconds":120,"ShowTimer":true,"Seconds":120},"QuestionDescription":"Timing","Choices":{"1":{"Display":"First Click"},"2":{"Display":"Last Click"},"3":{"Display":"Page Submit"},"4":{"Display":"Click Count"}},"GradingData":[],"Language":[],"NextChoiceId":208,"NextAnswerId":1,"DataVisibility":{"Private":false,"Hidden":false},"QuestionText_Unsafe":"Timing","DataExportTag":"Q23","QuestionID":"QID23"}},{"SurveyID":"SV_8faC6TzlCp65cIm","Element":"SQ","PrimaryAttribute":"QID33","SecondaryAttribute":"Timing","TertiaryAttribute":null,"Payload":{"QuestionText":"Timing","DefaultChoices":false,"QuestionType":"Timing","Selector":"PageTimer","Configuration":{"QuestionDescriptionOption":"UseText","MinSeconds":30,"MaxSeconds":30.010000000000001563194018672220408916473388671875,"ShowTimer":true,"Seconds":30},"QuestionDescription":"Timing","Choices":{"1":{"Display":"First Click"},"2":{"Display":"Last Click"},"3":{"Display":"Page Submit"},"4":{"Display":"Click Count"}},"GradingData":[],"Language":[],"NextChoiceId":148,"NextAnswerId":1,"DataVisibility":{"Private":false,"Hidden":false},"QuestionText_Unsafe":"Timing","DataExportTag":"Q33","QuestionID":"QID33"}},{"SurveyID":"SV_8faC6TzlCp65cIm","Element":"SQ","PrimaryAttribute":"QID37","SecondaryAttribute":"Timing","TertiaryAttribute":null,"Payload":{"QuestionText":"Timing","DefaultChoices":false,"QuestionType":"Timing","Selector":"PageTimer","Configuration":{"QuestionDescriptionOption":"UseText","MinSeconds":30,"MaxSeconds":30,"ShowTimer":true,"Seconds":30},"QuestionDescription":"Timing","Choices":{"1":{"Display":"First Click"},"2":{"Display":"Last Click"},"3":{"Display":"Page Submit"},"4":{"Display":"Click Count"}},"GradingData":[],"Language":[],"NextChoiceId":172,"NextAnswerId":1,"DataVisibility":{"Private":false,"Hidden":false},"QuestionText_Unsafe":"Timing","DataExportTag":"Q37","QuestionID":"QID37"}},{"SurveyID":"SV_8faC6TzlCp65cIm","Element":"SQ","PrimaryAttribute":"QID42","SecondaryAttribute":"Timing","TertiaryAttribute":null,"Payload":{"QuestionText":"Timing","DefaultChoices":false,"QuestionType":"Timing","Selector":"PageTimer","Configuration":{"QuestionDescriptionOption":"UseText","MinSeconds":30,"MaxSeconds":30.010000000000001563194018672220408916473388671875,"ShowTimer":true,"Seconds":30},"QuestionDescription":"Timing","Choices":{"1":{"Display":"First Click"},"2":{"Display":"Last Click"},"3":{"Display":"Page Submit"},"4":{"Display":"Click Count"}},"GradingData":[],"Language":[],"NextChoiceId":148,"NextAnswerId":1,"DataVisibility":{"Private":false,"Hidden":false},"QuestionText_Unsafe":"Timing","DataExportTag":"Q42","QuestionID":"QID42"}},{"SurveyID":"SV_8faC6TzlCp65cIm","Element":"SQ","PrimaryAttribute":"QID45","SecondaryAttribute":"Timing","TertiaryAttribute":null,"Payload":{"QuestionText":"Timing","DefaultChoices":false,"QuestionType":"Timing","Selector":"PageTimer","Configuration":{"QuestionDescriptionOption":"UseText","MinSeconds":30,"MaxSeconds":30.010000000000001563194018672220408916473388671875,"ShowTimer":true,"Seconds":30},"QuestionDescription":"Timing","Choices":{"1":{"Display":"First Click"},"2":{"Display":"Last Click"},"3":{"Display":"Page Submit"},"4":{"Display":"Click Count"}},"GradingData":[],"Language":[],"NextChoiceId":148,"NextAnswerId":1,"DataVisibility":{"Private":false,"Hidden":false},"QuestionText_Unsafe":"Timing","DataExportTag":"Q45","QuestionID":"QID45"}},{"SurveyID":"SV_8faC6TzlCp65cIm","Element":"SQ","PrimaryAttribute":"QID48","SecondaryAttribute":"Timing","TertiaryAttribute":null,"Payload":{"QuestionText":"Timing","DefaultChoices":false,"QuestionType":"Timing","Selector":"PageTimer","Configuration":{"QuestionDescriptionOption":"UseText","MinSeconds":30,"MaxSeconds":30,"ShowTimer":true,"Seconds":30},"QuestionDescription":"Timing","Choices":{"1":{"Display":"First Click"},"2":{"Display":"Last Click"},"3":{"Display":"Page Submit"},"4":{"Display":"Click Count"}},"GradingData":[],"Language":[],"NextChoiceId":172,"NextAnswerId":1,"DataVisibility":{"Private":false,"Hidden":false},"QuestionText_Unsafe":"Timing","DataExportTag":"Q48","QuestionID":"QID48"}},{"SurveyID":"SV_8faC6TzlCp65cIm","Element":"SQ","PrimaryAttribute":"QID51","SecondaryAttribute":"Timing","TertiaryAttribute":null,"Payload":{"QuestionText":"Timing","DefaultChoices":false,"QuestionType":"Timing","Selector":"PageTimer","Configuration":{"QuestionDescriptionOption":"UseText","MinSeconds":30,"MaxSeconds":30,"ShowTimer":true,"Seconds":30},"QuestionDescription":"Timing","Choices":{"1":{"Display":"First Click"},"2":{"Display":"Last Click"},"3":{"Display":"Page Submit"},"4":{"Display":"Click Count"}},"GradingData":[],"Language":[],"NextChoiceId":172,"NextAnswerId":1,"DataVisibility":{"Private":false,"Hidden":false},"QuestionText_Unsafe":"Timing","DataExportTag":"Q51","QuestionID":"QID51"}},{"SurveyID":"SV_8faC6TzlCp65cIm","Element":"SQ","PrimaryAttribute":"QID54","SecondaryAttribute":"What is the reason you haven't used the strategy? (multiple answers possible)","TertiaryAttribute":null,"Payload":{"QuestionText":"What is the reason you haven't used the strategy? (multiple answers possible)","DefaultChoices":false,"DataExportTag":"Q49","QuestionType":"MC","Selector":"MAVR","SubSelector":"TX","DataVisibility":{"Private":false,"Hidden":false},"Configuration":{"QuestionDescriptionOption":"UseText"},"QuestionDescription":"What is the reason you haven't used the strategy? (multiple answers possible)","Choices":{"1":{"Display":"I couldn't interpret the phrase in any meaningful way"},"2":{"Display":"I needed more time to interpret and use the strategy"},"3":{"Display":"Every time I ran out of ideas, a new idea popped up in my mind before I could use the strategy"},"4":{"Display":"Other reason, write below","TextEntry":"true"}},"ChoiceOrder":[1,2,3,4],"Validation":{"Settings":{"ForceResponse":"ON","ForceResponseType":"ON","Type":"None"}},"GradingData":[],"Language":[],"NextChoiceId":5,"NextAnswerId":1,"QuestionID":"QID54","DisplayLogic":{"0":{"0":{"ChoiceLocator":"q:\/\/QID53\/SelectableChoice\/19","Description":"<span class=\"ConjDesc\">If<\/span> <span class=\"QuestionDesc\">I have used the strategy that was presented during the second break.&amp;nbsp;<\/span> <span class=\"LeftOpDesc\">None at all<\/span> <span class=\"OpDesc\">Is Selected<\/span> ","LeftOperand":"q:\/\/QID53\/SelectableChoice\/19","LogicType":"Question","Operator":"Selected","QuestionID":"QID53","QuestionIDFromLocator":"QID53","QuestionIsInLoop":"no","Type":"Expression"},"Type":"If"},"Type":"BooleanExpression","inPage":false}}},{"SurveyID":"SV_8faC6TzlCp65cIm","Element":"SQ","PrimaryAttribute":"QID26","SecondaryAttribute":"When I was presented with a break the second time, I had mostly run out of ideas.","TertiaryAttribute":null,"Payload":{"QuestionText":"When I was presented with a break the second time, I had mostly run out of ideas.","DefaultChoices":false,"DataExportTag":"Q26","QuestionType":"MC","Selector":"SAVR","SubSelector":"TX","Configuration":{"QuestionDescriptionOption":"UseText","Autoscale":{"YScale":{"Name":"agreeDisagree","Type":"likert","Reverse":false}}},"QuestionDescription":"When I was presented with a break the second time, I had mostly run out of ideas.","Choices":{"1":{"Display":"Strongly agree"},"2":{"Display":"Somewhat agree"},"3":{"Display":"Neither agree nor disagree"},"4":{"Display":"Somewhat disagree"},"5":{"Display":"Strongly disagree"}},"ChoiceOrder":["1","2","3","4","5"],"Validation":{"Settings":{"ForceResponse":"ON","ForceResponseType":"ON","Type":"None"}},"GradingData":[],"Language":[],"NextChoiceId":6,"NextAnswerId":1,"QuestionID":"QID26","DataVisibility":{"Private":false,"Hidden":false}}}]}